
Microsoft Visual Studio Solution File, Format Version 12.00
# Visual Studio Version 17
VisualStudioVersion = 17.11.35303.130
MinimumVisualStudioVersion = 10.0.40219.1
Project("{FAE04EC0-301F-11D3-BF4B-00C04F79EFBC}") = "Students", "Students\Students.csproj", "{EBD49C07-7905-4CA6-8729-406AB15113F7}"
EndProject
Global
	GlobalSection(SolutionConfigurationPlatforms) = preSolution
		Debug|Any CPU = Debug|Any CPU
		Release|Any CPU = Release|Any CPU
	EndGlobalSection
	GlobalSection(ProjectConfigurationPlatforms) = postSolution
		{EBD49C07-7905-4CA6-8729-406AB15113F7}.Debug|Any CPU.ActiveCfg = Debug|Any CPU
		{EBD49C07-7905-4CA6-8729-406AB15113F7}.Debug|Any CPU.Build.0 = Debug|Any CPU
		{EBD49C07-7905-4CA6-8729-406AB15113F7}.Release|Any CPU.ActiveCfg = Release|Any CPU
		{EBD49C07-7905-4CA6-8729-406AB15113F7}.Release|Any CPU.Build.0 = Release|Any CPU
	EndGlobalSection
	GlobalSection(SolutionProperties) = preSolution
		HideSolutionNode = FALSE
	EndGlobalSection
	GlobalSection(ExtensibilityGlobals) = postSolution
		SolutionGuid = {705368EA-FE5C-46BD-9579-143AE4D03D36}
	EndGlobalSection
EndGlobal
